
Microsoft Visual Studio Solution File, Format Version 12.00
# Visual Studio Version 17
VisualStudioVersion = 17.3.32825.248
MinimumVisualStudioVersion = 10.0.40219.1
Project("{8BC9CEB8-8B4A-11D0-8D11-00A0C91BC942}") = "Assembler", "Assembler\Assembler.vcxproj", "{A1D737FE-E44A-49DD-B6B6-1F3BB05B24F5}"
EndProject
Project("{8BC9CEB8-8B4A-11D0-8D11-00A0C91BC942}") = "LC3", "LC3\LC3.vcxproj", "{81980A9A-1F3B-40EC-AE6C-F90E25A978CD}"
EndProject
Project("{8BC9CEB8-8B4A-11D0-8D11-00A0C91BC942}") = "UnitTests", "UnitTests\UnitTests.vcxproj", "{C8B21AA2-07BD-460C-84E3-B2E56561AE9B}"
EndProject
Global
	GlobalSection(SolutionConfigurationPlatforms) = preSolution
		Debug|x64 = Debug|x64
		Debug|x86 = Debug|x86
		Release|x64 = Release|x64
		Release|x86 = Release|x86
	EndGlobalSection
	GlobalSection(ProjectConfigurationPlatforms) = postSolution
		{A1D737FE-E44A-49DD-B6B6-1F3BB05B24F5}.Debug|x64.ActiveCfg = Debug|x64
		{A1D737FE-E44A-49DD-B6B6-1F3BB05B24F5}.Debug|x64.Build.0 = Debug|x64
		{A1D737FE-E44A-49DD-B6B6-1F3BB05B24F5}.Debug|x86.ActiveCfg = Debug|Win32
		{A1D737FE-E44A-49DD-B6B6-1F3BB05B24F5}.Debug|x86.Build.0 = Debug|Win32
		{A1D737FE-E44A-49DD-B6B6-1F3BB05B24F5}.Release|x64.ActiveCfg = Release|x64
		{A1D737FE-E44A-49DD-B6B6-1F3BB05B24F5}.Release|x64.Build.0 = Release|x64
		{A1D737FE-E44A-49DD-B6B6-1F3BB05B24F5}.Release|x86.ActiveCfg = Release|Win32
		{A1D737FE-E44A-49DD-B6B6-1F3BB05B24F5}.Release|x86.Build.0 = Release|Win32
		{81980A9A-1F3B-40EC-AE6C-F90E25A978CD}.Debug|x64.ActiveCfg = Debug|x64
		{81980A9A-1F3B-40EC-AE6C-F90E25A978CD}.Debug|x64.Build.0 = Debug|x64
		{81980A9A-1F3B-40EC-AE6C-F90E25A978CD}.Debug|x86.ActiveCfg = Debug|Win32
		{81980A9A-1F3B-40EC-AE6C-F90E25A978CD}.Debug|x86.Build.0 = Debug|Win32
		{81980A9A-1F3B-40EC-AE6C-F90E25A978CD}.Release|x64.ActiveCfg = Release|x64
		{81980A9A-1F3B-40EC-AE6C-F90E25A978CD}.Release|x64.Build.0 = Release|x64
		{81980A9A-1F3B-40EC-AE6C-F90E25A978CD}.Release|x86.ActiveCfg = Release|Win32
		{81980A9A-1F3B-40EC-AE6C-F90E25A978CD}.Release|x86.Build.0 = Release|Win32
		{C8B21AA2-07BD-460C-84E3-B2E56561AE9B}.Debug|x64.ActiveCfg = Debug|x64
		{C8B21AA2-07BD-460C-84E3-B2E56561AE9B}.Debug|x64.Build.0 = Debug|x64
		{C8B21AA2-07BD-460C-84E3-B2E56561AE9B}.Debug|x86.ActiveCfg = Debug|Win32
		{C8B21AA2-07BD-460C-84E3-B2E56561AE9B}.Debug|x86.Build.0 = Debug|Win32
		{C8B21AA2-07BD-460C-84E3-B2E56561AE9B}.Release|x64.ActiveCfg = Release|x64
		{C8B21AA2-07BD-460C-84E3-B2E56561AE9B}.Release|x64.Build.0 = Release|x64
		{C8B21AA2-07BD-460C-84E3-B2E56561AE9B}.Release|x86.ActiveCfg = Release|Win32
		{C8B21AA2-07BD-460C-84E3-B2E56561AE9B}.Release|x86.Build.0 = Release|Win32
	EndGlobalSection
	GlobalSection(SolutionProperties) = preSolution
		HideSolutionNode = FALSE
	EndGlobalSection
	GlobalSection(ExtensibilityGlobals) = postSolution
		SolutionGuid = {3590030F-099E-48D7-81B5-3E3BA77CE760}
	EndGlobalSection
EndGlobal
